# Written by scripts/fetch-binaries.sh: name repo tag asset sha256
fd sharkdp/fd v10.5.0 fd-v10.5.0-aarch64-unknown-linux-musl.tar.gz d76c4317f7d5dba69f8a2a15856c90c777e7f0dd4e85f0de8c76de6992c374d4
jq jqlang/jq jq-1.8.2 jq-linux-arm64 8b85c817833814ddca00a144c33705546355afccf0cf39b188f3cdb48b852309
rg BurntSushi/ripgrep 15.2.0 ripgrep-15.2.0-aarch64-unknown-linux-musl.tar.gz 800b1e7206afe799dfb5a6901f23147cfaabe0e52210538100f61e86e1740915
